
Microsoft Visual Studio Solution File, Format Version 12.00
# Visual Studio 15
VisualStudioVersion = 15.0.28307.1259
MinimumVisualStudioVersion = 10.0.40219.1
Project("{FAE04EC0-301F-11D3-BF4B-00C04F79EFBC}") = "picToBase64", "picToBase64\picToBase64.csproj", "{ED4596D8-3202-44F7-84EE-64965AF453EB}"
EndProject
Global
	GlobalSection(SolutionConfigurationPlatforms) = preSolution
		Debug|Any CPU = Debug|Any CPU
		Release|Any CPU = Release|Any CPU
	EndGlobalSection
	GlobalSection(ProjectConfigurationPlatforms) = postSolution
		{ED4596D8-3202-44F7-84EE-64965AF453EB}.Debug|Any CPU.ActiveCfg = Debug|Any CPU
		{ED4596D8-3202-44F7-84EE-64965AF453EB}.Debug|Any CPU.Build.0 = Debug|Any CPU
		{ED4596D8-3202-44F7-84EE-64965AF453EB}.Release|Any CPU.ActiveCfg = Release|Any CPU
		{ED4596D8-3202-44F7-84EE-64965AF453EB}.Release|Any CPU.Build.0 = Release|Any CPU
	EndGlobalSection
	GlobalSection(SolutionProperties) = preSolution
		HideSolutionNode = FALSE
	EndGlobalSection
	GlobalSection(ExtensibilityGlobals) = postSolution
		SolutionGuid = {8EE21AE8-A95F-4C1B-B454-34C425E6FECB}
	EndGlobalSection
EndGlobal
